
Microsoft Visual Studio Solution File, Format Version 11.00
# Visual Studio 2010
Project("{FAE04EC0-301F-11D3-BF4B-00C04F79EFBC}") = "xrc", "xrc\xrc.csproj", "{71988DA4-8569-490F-9D08-5B47EF2202F7}"
EndProject
Project("{FAE04EC0-301F-11D3-BF4B-00C04F79EFBC}") = "xrc.UnitTest", "xrc.UnitTest\xrc.UnitTest.csproj", "{342FBF7C-BF21-477E-A7E6-8D8BEC6F3E88}"
EndProject
Project("{2150E333-8FDC-42A3-9474-1A3956D46DE8}") = "Solution Items", "Solution Items", "{0C914B1E-05A1-401F-BD55-1286523C0CED}"
	ProjectSection(SolutionItems) = preProject
		Local.testsettings = Local.testsettings
		TraceAndTestImpact.testsettings = TraceAndTestImpact.testsettings
		xrc.vsmdi = xrc.vsmdi
	EndProjectSection
EndProject
Project("{FAE04EC0-301F-11D3-BF4B-00C04F79EFBC}") = "DemoWebSite", "DemoWebSite\DemoWebSite.csproj", "{578499F8-3E4B-41E4-832D-BD83B55131A5}"
EndProject
Project("{2150E333-8FDC-42A3-9474-1A3956D46DE8}") = "test", "test", "{B51A8B94-7352-4FBA-902D-3FF5C9022563}"
EndProject
Project("{2150E333-8FDC-42A3-9474-1A3956D46DE8}") = "docs", "docs", "{D9CD02D9-3452-46F3-ADD3-4897957E4734}"
	ProjectSection(SolutionItems) = preProject
		docs\note.txt = docs\note.txt
	EndProjectSection
EndProject
Project("{FAE04EC0-301F-11D3-BF4B-00C04F79EFBC}") = "xrc.Windsor", "xrc.Windsor\xrc.Windsor.csproj", "{2496197E-8B17-4AA0-98B2-E57B2C924EDF}"
EndProject
Global
	GlobalSection(TestCaseManagementSettings) = postSolution
		CategoryFile = xrc.vsmdi
	EndGlobalSection
	GlobalSection(SolutionConfigurationPlatforms) = preSolution
		Debug|Any CPU = Debug|Any CPU
		Release|Any CPU = Release|Any CPU
	EndGlobalSection
	GlobalSection(ProjectConfigurationPlatforms) = postSolution
		{71988DA4-8569-490F-9D08-5B47EF2202F7}.Debug|Any CPU.ActiveCfg = Debug|Any CPU
		{71988DA4-8569-490F-9D08-5B47EF2202F7}.Debug|Any CPU.Build.0 = Debug|Any CPU
		{71988DA4-8569-490F-9D08-5B47EF2202F7}.Release|Any CPU.ActiveCfg = Release|Any CPU
		{71988DA4-8569-490F-9D08-5B47EF2202F7}.Release|Any CPU.Build.0 = Release|Any CPU
		{342FBF7C-BF21-477E-A7E6-8D8BEC6F3E88}.Debug|Any CPU.ActiveCfg = Debug|Any CPU
		{342FBF7C-BF21-477E-A7E6-8D8BEC6F3E88}.Debug|Any CPU.Build.0 = Debug|Any CPU
		{342FBF7C-BF21-477E-A7E6-8D8BEC6F3E88}.Release|Any CPU.ActiveCfg = Release|Any CPU
		{342FBF7C-BF21-477E-A7E6-8D8BEC6F3E88}.Release|Any CPU.Build.0 = Release|Any CPU
		{578499F8-3E4B-41E4-832D-BD83B55131A5}.Debug|Any CPU.ActiveCfg = Debug|Any CPU
		{578499F8-3E4B-41E4-832D-BD83B55131A5}.Debug|Any CPU.Build.0 = Debug|Any CPU
		{578499F8-3E4B-41E4-832D-BD83B55131A5}.Release|Any CPU.ActiveCfg = Release|Any CPU
		{578499F8-3E4B-41E4-832D-BD83B55131A5}.Release|Any CPU.Build.0 = Release|Any CPU
		{2496197E-8B17-4AA0-98B2-E57B2C924EDF}.Debug|Any CPU.ActiveCfg = Debug|Any CPU
		{2496197E-8B17-4AA0-98B2-E57B2C924EDF}.Debug|Any CPU.Build.0 = Debug|Any CPU
		{2496197E-8B17-4AA0-98B2-E57B2C924EDF}.Release|Any CPU.ActiveCfg = Release|Any CPU
		{2496197E-8B17-4AA0-98B2-E57B2C924EDF}.Release|Any CPU.Build.0 = Release|Any CPU
	EndGlobalSection
	GlobalSection(SolutionProperties) = preSolution
		HideSolutionNode = FALSE
	EndGlobalSection
	GlobalSection(NestedProjects) = preSolution
		{342FBF7C-BF21-477E-A7E6-8D8BEC6F3E88} = {B51A8B94-7352-4FBA-902D-3FF5C9022563}
	EndGlobalSection
EndGlobal
